version = 1
requires-python = ">=3.12"

[[package]]
name = "asgiref"
version = "3.11.1"
source = { registry = "https://pypi.org/simple" }
sdist = { url = "https://files.pythonhosted.org/packages/63/40/f03da1264ae8f7cfdbf9146542e5e7e8100a4c66ab48e791df9a03d3f6c0/asgiref-3.11.1.tar.gz", hash = "sha256:5f184dc43b7e763efe848065441eac62229c9f7b0475f41f80e207a114eda4ce", size = 38550 }
wheels = [
    { url = "https://files.pythonhosted.org/packages/5c/0a/a72d10ed65068e115044937873362e6e32fab1b7dce0046aeb224682c989/asgiref-3.11.1-py3-none-any.whl", hash = "sha256:e8667a091e69529631969fd45dc268fa79b99c92c5fcdda727757e52146ec133", size = 24345 },
]

[[package]]
name = "colorama"
version = "0.4.6"
source = { registry = "https://pypi.org/simple" }
sdist = { url = "https://files.pythonhosted.org/packages/d8/53/6f443c9a4a8358a93a6792e2acffb9d9d5cb0a5cfd8802644b7b1c9a02e4/colorama-0.4.6.tar.gz", hash = "sha256:08695f5cb7ed6e0531a20572697297273c47b8cae5a63ffc6d6ed5c201be6e44", size = 27697 }
wheels = [
    { url = "https://files.pythonhosted.org/packages/d1/d6/3965ed04c63042e047cb6a3e6ed1a63a35087b6a609aa3a15ed8ac56c221/colorama-0.4.6-py2.py3-none-any.whl", hash = "sha256:4f1d9991f5acc0ca119f9d443620b77f9d6b33703e51011c16baf57afb285fc6", size = 25335 },
]

[[package]]
name = "django"
version = "5.2.11"
source = { registry = "https://pypi.org/simple" }
dependencies = [
    { name = "asgiref" },
    { name = "sqlparse" },
    { name = "tzdata", marker = "sys_platform == 'win32'" },
]
sdist = { url = "https://files.pythonhosted.org/packages/17/f2/3e57ef696b95067e05ae206171e47a8e53b9c84eec56198671ef9eaa51a6/django-5.2.11.tar.gz", hash = "sha256:7f2d292ad8b9ee35e405d965fbbad293758b858c34bbf7f3df551aeeac6f02d3", size = 10885017 }
wheels = [
    { url = "https://files.pythonhosted.org/packages/91/a7/2b112ab430575bf3135b8304ac372248500d99c352f777485f53fdb9537e/django-5.2.11-py3-none-any.whl", hash = "sha256:e7130df33ada9ab5e5e929bc19346a20fe383f5454acb2cc004508f242ee92c0", size = 8291375 },
]

[[package]]
name = "django-cors-headers"
version = "4.9.0"
source = { registry = "https://pypi.org/simple" }
dependencies = [
    { name = "asgiref" },
    { name = "django" },
]
sdist = { url = "https://files.pythonhosted.org/packages/21/39/55822b15b7ec87410f34cd16ce04065ff390e50f9e29f31d6d116fc80456/django_cors_headers-4.9.0.tar.gz", hash = "sha256:fe5d7cb59fdc2c8c646ce84b727ac2bca8912a247e6e68e1fb507372178e59e8", size = 21458 }
wheels = [
    { url = "https://files.pythonhosted.org/packages/30/d8/19ed1e47badf477d17fb177c1c19b5a21da0fd2d9f093f23be3fb86c5fab/django_cors_headers-4.9.0-py3-none-any.whl", hash = "sha256:15c7f20727f90044dcee2216a9fd7303741a864865f0c3657e28b7056f61b449", size = 12809 },
]

[[package]]
name = "django-environ"
version = "0.13.0"
source = { registry = "https://pypi.org/simple" }
sdist = { url = "https://files.pythonhosted.org/packages/18/3c/60983e6ec9b24a8d8588eecebfd21123cba980bce0a905807a27692f0860/django_environ-0.13.0.tar.gz", hash = "sha256:6c401e4c219442c2c4588c2116d5292b5484a6f69163ed09cd41f3943bfb645f", size = 63529 }
wheels = [
    { url = "https://files.pythonhosted.org/packages/c4/00/3767393ece946084e1c6830a33ffb8e39d68642e27ad5ac7d4c8bd5de866/django_environ-0.13.0-py3-none-any.whl", hash = "sha256:37799d14cd78222c6fd8298e48bfe17965ff8e586091ad66a463e52e0e7b799e", size = 20682 },
]

[[package]]
name = "django-types"
version = "0.23.0"
source = { registry = "https://pypi.org/simple" }
dependencies = [
    { name = "types-psycopg2" },
]
sdist = { url = "https://files.pythonhosted.org/packages/73/9a/5c652bbc8694489782c415d7d6fa0782219e401aba25f4d1df2b95c3a34c/django_types-0.23.0.tar.gz", hash = "sha256:f97fb746166fb15a5f40e470a1fd7a58226349aac9e0a9cb8ae81deb14d94fd0", size = 208369 }
wheels = [
    { url = "https://files.pythonhosted.org/packages/73/de/471afcd92022642544f7866dd5620bc85f04e4312d5e29d7f2960f31f010/django_types-0.23.0-py3-none-any.whl", hash = "sha256:0727b13ae810c4b1f14eeac9872834ac928c99dc76584ea7c23afc4461e049dd", size = 379397 },
]

[[package]]
name = "djangorestframework"
version = "3.16.1"
source = { registry = "https://pypi.org/simple" }
dependencies = [
    { name = "django" },
]
sdist = { url = "https://files.pythonhosted.org/packages/8a/95/5376fe618646fde6899b3cdc85fd959716bb67542e273a76a80d9f326f27/djangorestframework-3.16.1.tar.gz", hash = "sha256:166809528b1aced0a17dc66c24492af18049f2c9420dbd0be29422029cfc3ff7", size = 1089735 }
wheels = [
    { url = "https://files.pythonhosted.org/packages/b0/ce/bf8b9d3f415be4ac5588545b5fcdbbb841977db1c1d923f7568eeabe1689/djangorestframework-3.16.1-py3-none-any.whl", hash = "sha256:33a59f47fb9c85ede792cbf88bde71893bcda0667bc573f784649521f1102cec", size = 1080442 },
]

[[package]]
name = "djangorestframework-simplejwt"
version = "5.5.1"
source = { registry = "https://pypi.org/simple" }
dependencies = [
    { name = "django" },
    { name = "djangorestframework" },
    { name = "pyjwt" },
]
sdist = { url = "https://files.pythonhosted.org/packages/a8/27/2874a325c11112066139769f7794afae238a07ce6adf96259f08fd37a9d7/djangorestframework_simplejwt-5.5.1.tar.gz", hash = "sha256:e72c5572f51d7803021288e2057afcbd03f17fe11d484096f40a460abc76e87f", size = 101265 }
wheels = [
    { url = "https://files.pythonhosted.org/packages/60/94/fdfb7b2f0b16cd3ed4d4171c55c1c07a2d1e3b106c5978c8ad0c15b4a48b/djangorestframework_simplejwt-5.5.1-py3-none-any.whl", hash = "sha256:2c30f3707053d384e9f315d11c2daccfcb548d4faa453111ca19a542b732e469", size = 107674 },
]

[[package]]
name = "djangorestframework-types"
version = "0.9.0"
source = { registry = "https://pypi.org/simple" }
sdist = { url = "https://files.pythonhosted.org/packages/d6/5d/1a21a5fd10ad9980dcb934b8221934dee2b6b97af5edc58cb169558c0831/djangorestframework_types-0.9.0.tar.gz", hash = "sha256:aa6b27fbdab5ff4ab1dfa5376f3b6ec45713ce48dbcdd4226bf3e1410f0deaca", size = 32521 }
wheels = [
    { url = "https://files.pythonhosted.org/packages/a4/5f/d908ce938356b209d4d27a7fb159ab9100b8814396a69c0204bb66e38703/djangorestframework_types-0.9.0-py3-none-any.whl", hash = "sha256:5e4258fe43774d0a3d018780170bd702bf615407fe244453ea5ec6e6676b98c4", size = 54947 },
]

[[package]]
name = "dnspython"
version = "2.8.0"
source = { registry = "https://pypi.org/simple" }
sdist = { url = "https://files.pythonhosted.org/packages/8c/8b/57666417c0f90f08bcafa776861060426765fdb422eb10212086fb811d26/dnspython-2.8.0.tar.gz", hash = "sha256:181d3c6996452cb1189c4046c61599b84a5a86e099562ffde77d26984ff26d0f", size = 368251 }
wheels = [
    { url = "https://files.pythonhosted.org/packages/ba/5a/18ad964b0086c6e62e2e7500f7edc89e3faa45033c71c1893d34eed2b2de/dnspython-2.8.0-py3-none-any.whl", hash = "sha256:01d9bbc4a2d76bf0db7c1f729812ded6d912bd318d3b1cf81d30c0f845dbf3af", size = 331094 },
]

[[package]]
name = "gunicorn"
version = "25.1.0"
source = { registry = "https://pypi.org/simple" }
dependencies = [
    { name = "packaging" },
]
sdist = { url = "https://files.pythonhosted.org/packages/66/13/ef67f59f6a7896fdc2c1d62b5665c5219d6b0a9a1784938eb9a28e55e128/gunicorn-25.1.0.tar.gz", hash = "sha256:1426611d959fa77e7de89f8c0f32eed6aa03ee735f98c01efba3e281b1c47616", size = 594377 }
wheels = [
    { url = "https://files.pythonhosted.org/packages/da/73/4ad5b1f6a2e21cf1e85afdaad2b7b1a933985e2f5d679147a1953aaa192c/gunicorn-25.1.0-py3-none-any.whl", hash = "sha256:d0b1236ccf27f72cfe14bce7caadf467186f19e865094ca84221424e839b8b8b", size = 197067 },
]

[[package]]
name = "horizon5-mt-api"
version = "0.1.0"
source = { virtual = "." }
dependencies = [
    { name = "django" },
    { name = "django-cors-headers" },
    { name = "django-environ" },
    { name = "djangorestframework" },
    { name = "djangorestframework-simplejwt" },
    { name = "psycopg", extra = ["binary"] },
    { name = "pymongo" },
    { name = "structlog" },
]

[package.dev-dependencies]
dev = [
    { name = "django-types" },
    { name = "djangorestframework-types" },
    { name = "pyright" },
    { name = "pytest" },
    { name = "pytest-django" },
    { name = "ruff" },
]
prod = [
    { name = "gunicorn" },
]

[package.metadata]
requires-dist = [
    { name = "django", specifier = ">=5.2,<5.3" },
    { name = "django-cors-headers", specifier = ">=4.7" },
    { name = "django-environ", specifier = ">=0.12" },
    { name = "djangorestframework", specifier = ">=3.16" },
    { name = "djangorestframework-simplejwt", specifier = ">=5.5" },
    { name = "psycopg", extras = ["binary"], specifier = ">=3.2" },
    { name = "pymongo", specifier = ">=4.15" },
    { name = "structlog", specifier = ">=24.0.0" },
]

[package.metadata.requires-dev]
dev = [
    { name = "django-types", specifier = ">=0.23.0" },
    { name = "djangorestframework-types", specifier = ">=0.9.0" },
    { name = "pyright", specifier = ">=1.1.390" },
    { name = "pytest", specifier = ">=8.0" },
    { name = "pytest-django", specifier = ">=4.10" },
    { name = "ruff", specifier = ">=0.14.0" },
]
prod = [{ name = "gunicorn", specifier = ">=23.0" }]

[[package]]
name = "iniconfig"
version = "2.3.0"
source = { registry = "https://pypi.org/simple" }
sdist = { url = "https://files.pythonhosted.org/packages/72/34/14ca021ce8e5dfedc35312d08ba8bf51fdd999c576889fc2c24cb97f4f10/iniconfig-2.3.0.tar.gz", hash = "sha256:c76315c77db068650d49c5b56314774a7804df16fee4402c1f19d6d15d8c4730", size = 20503 }
wheels = [
    { url = "https://files.pythonhosted.org/packages/cb/b1/3846dd7f199d53cb17f49cba7e651e9ce294d8497c8c150530ed11865bb8/iniconfig-2.3.0-py3-none-any.whl", hash = "sha256:f631c04d2c48c52b84d0d0549c99ff3859c98df65b3101406327ecc7d53fbf12", size = 7484 },
]

[[package]]
name = "nodeenv"
version = "1.10.0"
source = { registry = "https://pypi.org/simple" }
sdist = { url = "https://files.pythonhosted.org/packages/24/bf/d1bda4f6168e0b2e9e5958945e01910052158313224ada5ce1fb2e1113b8/nodeenv-1.10.0.tar.gz", hash = "sha256:996c191ad80897d076bdfba80a41994c2b47c68e224c542b48feba42ba00f8bb", size = 55611 }
wheels = [
    { url = "https://files.pythonhosted.org/packages/88/b2/d0896bdcdc8d28a7fc5717c305f1a861c26e18c05047949fb371034d98bd/nodeenv-1.10.0-py2.py3-none-any.whl", hash = "sha256:5bb13e3eed2923615535339b3c620e76779af4cb4c6a90deccc9e36b274d3827", size = 23438 },
]

[[package]]
name = "packaging"
version = "26.0"
source = { registry = "https://pypi.org/simple" }
sdist = { url = "https://files.pythonhosted.org/packages/65/ee/299d360cdc32edc7d2cf530f3accf79c4fca01e96ffc950d8a52213bd8e4/packaging-26.0.tar.gz", hash = "sha256:00243ae351a257117b6a241061796684b084ed1c516a08c48a3f7e147a9d80b4", size = 143416 }
wheels = [
    { url = "https://files.pythonhosted.org/packages/b7/b9/c538f279a4e237a006a2c98387d081e9eb060d203d8ed34467cc0f0b9b53/packaging-26.0-py3-none-any.whl", hash = "sha256:b36f1fef9334a5588b4166f8bcd26a14e521f2b55e6b9de3aaa80d3ff7a37529", size = 74366 },
]

[[package]]
name = "pluggy"
version = "1.6.0"
source = { registry = "https://pypi.org/simple" }
sdist = { url = "https://files.pythonhosted.org/packages/f9/e2/3e91f31a7d2b083fe6ef3fa267035b518369d9511ffab804f839851d2779/pluggy-1.6.0.tar.gz", hash = "sha256:7dcc130b76258d33b90f61b658791dede3486c3e6bfb003ee5c9bfb396dd22f3", size = 69412 }
wheels = [
    { url = "https://files.pythonhosted.org/packages/54/20/4d324d65cc6d9205fabedc306948156824eb9f0ee1633355a8f7ec5c66bf/pluggy-1.6.0-py3-none-any.whl", hash = "sha256:e920276dd6813095e9377c0bc5566d94c932c33b27a3e3945d8389c374dd4746", size = 20538 },
]

[[package]]
name = "psycopg"
version = "3.3.3"
source = { registry = "https://pypi.org/simple" }
dependencies = [
    { name = "typing-extensions", marker = "python_full_version < '3.13'" },
    { name = "tzdata", marker = "sys_platform == 'win32'" },
]
sdist = { url = "https://files.pythonhosted.org/packages/d3/b6/379d0a960f8f435ec78720462fd94c4863e7a31237cf81bf76d0af5883bf/psycopg-3.3.3.tar.gz", hash = "sha256:5e9a47458b3c1583326513b2556a2a9473a1001a56c9efe9e587245b43148dd9", size = 165624 }
wheels = [
    { url = "https://files.pythonhosted.org/packages/c8/5b/181e2e3becb7672b502f0ed7f16ed7352aca7c109cfb94cf3878a9186db9/psycopg-3.3.3-py3-none-any.whl", hash = "sha256:f96525a72bcfade6584ab17e89de415ff360748c766f0106959144dcbb38c698", size = 212768 },
]

[package.optional-dependencies]
binary = [
    { name = "psycopg-binary", marker = "implementation_name != 'pypy'" },
]

[[package]]
name = "psycopg-binary"
version = "3.3.3"
source = { registry = "https://pypi.org/simple" }
wheels = [
    { url = "https://files.pythonhosted.org/packages/90/15/021be5c0cbc5b7c1ab46e91cc3434eb42569f79a0592e67b8d25e66d844d/psycopg_binary-3.3.3-cp312-cp312-macosx_10_13_x86_64.whl", hash = "sha256:6698dbab5bcef8fdb570fc9d35fd9ac52041771bfcfe6fd0fc5f5c4e36f1e99d", size = 4591170 },
    { url = "https://files.pythonhosted.org/packages/f1/54/a60211c346c9a2f8c6b272b5f2bbe21f6e11800ce7f61e99ba75cf8b63e1/psycopg_binary-3.3.3-cp312-cp312-macosx_11_0_arm64.whl", hash = "sha256:329ff393441e75f10b673ae99ab45276887993d49e65f141da20d915c05aafd8", size = 4670009 },
    { url = "https://files.pythonhosted.org/packages/c1/53/ac7c18671347c553362aadbf65f92786eef9540676ca24114cc02f5be405/psycopg_binary-3.3.3-cp312-cp312-manylinux2014_ppc64le.manylinux_2_17_ppc64le.whl", hash = "sha256:eb072949b8ebf4082ae24289a2b0fd724da9adc8f22743409d6fd718ddb379df", size = 5469735 },
    { url = "https://files.pythonhosted.org/packages/7f/c3/4f4e040902b82a344eff1c736cde2f2720f127fe939c7e7565706f96dd44/psycopg_binary-3.3.3-cp312-cp312-manylinux2014_x86_64.manylinux_2_17_x86_64.whl", hash = "sha256:263a24f39f26e19ed7fc982d7859a36f17841b05bebad3eb47bb9cd2dd785351", size = 5152919 },
    { url = "https://files.pythonhosted.org/packages/0c/e7/d929679c6a5c212bcf738806c7c89f5b3d0919f2e1685a0e08d6ff877945/psycopg_binary-3.3.3-cp312-cp312-manylinux_2_27_aarch64.manylinux_2_28_aarch64.whl", hash = "sha256:5152d50798c2fa5bd9b68ec68eb68a1b71b95126c1d70adaa1a08cd5eefdc23d", size = 6738785 },
    { url = "https://files.pythonhosted.org/packages/69/b0/09703aeb69a9443d232d7b5318d58742e8ca51ff79f90ffe6b88f1db45e7/psycopg_binary-3.3.3-cp312-cp312-manylinux_2_38_riscv64.manylinux_2_39_riscv64.whl", hash = "sha256:9d6a1e56dd267848edb824dbeb08cf5bac649e02ee0b03ba883ba3f4f0bd54f2", size = 4979008 },
    { url = "https://files.pythonhosted.org/packages/cc/a6/e662558b793c6e13a7473b970fee327d635270e41eded3090ef14045a6a5/psycopg_binary-3.3.3-cp312-cp312-musllinux_1_2_aarch64.whl", hash = "sha256:73eaaf4bb04709f545606c1db2f65f4000e8a04cdbf3e00d165a23004692093e", size = 4508255 },
    { url = "https://files.pythonhosted.org/packages/5f/7f/0f8b2e1d5e0093921b6f324a948a5c740c1447fbb45e97acaf50241d0f39/psycopg_binary-3.3.3-cp312-cp312-musllinux_1_2_ppc64le.whl", hash = "sha256:162e5675efb4704192411eaf8e00d07f7960b679cd3306e7efb120bb8d9456cc", size = 4189166 },
    { url = "https://files.pythonhosted.org/packages/92/ec/ce2e91c33bc8d10b00c87e2f6b0fb570641a6a60042d6a9ae35658a3a797/psycopg_binary-3.3.3-cp312-cp312-musllinux_1_2_riscv64.whl", hash = "sha256:fab6b5e37715885c69f5d091f6ff229be71e235f272ebaa35158d5a46fd548a0", size = 3924544 },
    { url = "https://files.pythonhosted.org/packages/c5/2f/7718141485f73a924205af60041c392938852aa447a94c8cbd222ff389a1/psycopg_binary-3.3.3-cp312-cp312-musllinux_1_2_x86_64.whl", hash = "sha256:a4aab31bd6d1057f287c96c0effca3a25584eb9cc702f282ecb96ded7814e830", size = 4235297 },
    { url = "https://files.pythonhosted.org/packages/57/f9/1add717e2643a003bbde31b1b220172e64fbc0cb09f06429820c9173f7fc/psycopg_binary-3.3.3-cp312-cp312-win_amd64.whl", hash = "sha256:59aa31fe11a0e1d1bcc2ce37ed35fe2ac84cd65bb9036d049b1a1c39064d0f14", size = 3547659 },
    { url = "https://files.pythonhosted.org/packages/03/0a/cac9fdf1df16a269ba0e5f0f06cac61f826c94cadb39df028cdfe19d3a33/psycopg_binary-3.3.3-cp313-cp313-macosx_10_13_x86_64.whl", hash = "sha256:05f32239aec25c5fb15f7948cffdc2dc0dac098e48b80a140e4ba32b572a2e7d", size = 4590414 },
    { url = "https://files.pythonhosted.org/packages/9c/c0/d8f8508fbf440edbc0099b1abff33003cd80c9e66eb3a1e78834e3fb4fb9/psycopg_binary-3.3.3-cp313-cp313-macosx_11_0_arm64.whl", hash = "sha256:7c84f9d214f2d1de2fafebc17fa68ac3f6561a59e291553dfc45ad299f4898c1", size = 4669021 },
    { url = "https://files.pythonhosted.org/packages/04/05/097016b77e343b4568feddf12c72171fc513acef9a4214d21b9478569068/psycopg_binary-3.3.3-cp313-cp313-manylinux2014_ppc64le.manylinux_2_17_ppc64le.whl", hash = "sha256:e77957d2ba17cada11be09a5066d93026cdb61ada7c8893101d7fe1c6e1f3925", size = 5467453 },
    { url = "https://files.pythonhosted.org/packages/91/23/73244e5feb55b5ca109cede6e97f32ef45189f0fdac4c80d75c99862729d/psycopg_binary-3.3.3-cp313-cp313-manylinux2014_x86_64.manylinux_2_17_x86_64.whl", hash = "sha256:42961609ac07c232a427da7c87a468d3c82fee6762c220f38e37cfdacb2b178d", size = 5151135 },
    { url = "https://files.pythonhosted.org/packages/11/49/5309473b9803b207682095201d8708bbc7842ddf3f192488a69204e36455/psycopg_binary-3.3.3-cp313-cp313-manylinux_2_27_aarch64.manylinux_2_28_aarch64.whl", hash = "sha256:ae07a3114313dd91fce686cab2f4c44af094398519af0e0f854bc707e1aeedf1", size = 6737315 },
    { url = "https://files.pythonhosted.org/packages/d4/5d/03abe74ef34d460b33c4d9662bf6ec1dd38888324323c1a1752133c10377/psycopg_binary-3.3.3-cp313-cp313-manylinux_2_38_riscv64.manylinux_2_39_riscv64.whl", hash = "sha256:d257c58d7b36a621dcce1d01476ad8b60f12d80eb1406aee4cf796f88b2ae482", size = 4979783 },
    { url = "https://files.pythonhosted.org/packages/f0/6c/3fbf8e604e15f2f3752900434046c00c90bb8764305a1b81112bff30ba24/psycopg_binary-3.3.3-cp313-cp313-musllinux_1_2_aarch64.whl", hash = "sha256:07c7211f9327d522c9c47560cae00a4ecf6687f4e02d779d035dd3177b41cb12", size = 4509023 },
    { url = "https://files.pythonhosted.org/packages/9c/6b/1a06b43b7c7af756c80b67eac8bfaa51d77e68635a8a8d246e4f0bb7604a/psycopg_binary-3.3.3-cp313-cp313-musllinux_1_2_ppc64le.whl", hash = "sha256:8e7e9eca9b363dbedeceeadd8be97149d2499081f3c52d141d7cd1f395a91f83", size = 4185874 },
    { url = "https://files.pythonhosted.org/packages/2b/d3/bf49e3dcaadba510170c8d111e5e69e5ae3f981c1554c5bb71c75ce354bb/psycopg_binary-3.3.3-cp313-cp313-musllinux_1_2_riscv64.whl", hash = "sha256:cb85b1d5702877c16f28d7b92ba030c1f49ebcc9b87d03d8c10bf45a2f1c7508", size = 3925668 },
    { url = "https://files.pythonhosted.org/packages/f8/92/0aac830ed6a944fe334404e1687a074e4215630725753f0e3e9a9a595b62/psycopg_binary-3.3.3-cp313-cp313-musllinux_1_2_x86_64.whl", hash = "sha256:4d4606c84d04b80f9138d72f1e28c6c02dc5ae0c7b8f3f8aaf89c681ce1cd1b1", size = 4234973 },
    { url = "https://files.pythonhosted.org/packages/2e/96/102244653ee5a143ece5afe33f00f52fe64e389dfce8dbc87580c6d70d3d/psycopg_binary-3.3.3-cp313-cp313-win_amd64.whl", hash = "sha256:74eae563166ebf74e8d950ff359be037b85723d99ca83f57d9b244a871d6c13b", size = 3551342 },
    { url = "https://files.pythonhosted.org/packages/a2/71/7a57e5b12275fe7e7d84d54113f0226080423a869118419c9106c083a21c/psycopg_binary-3.3.3-cp314-cp314-macosx_10_15_x86_64.whl", hash = "sha256:497852c5eaf1f0c2d88ab74a64a8097c099deac0c71de1cbcf18659a8a04a4b2", size = 4607368 },
    { url = "https://files.pythonhosted.org/packages/c7/04/cb834f120f2b2c10d4003515ef9ca9d688115b9431735e3936ae48549af8/psycopg_binary-3.3.3-cp314-cp314-macosx_11_0_arm64.whl", hash = "sha256:258d1ea53464d29768bf25930f43291949f4c7becc706f6e220c515a63a24edd", size = 4687047 },
    { url = "https://files.pythonhosted.org/packages/40/e9/47a69692d3da9704468041aa5ed3ad6fc7f6bb1a5ae788d261a26bbca6c7/psycopg_binary-3.3.3-cp314-cp314-manylinux2014_ppc64le.manylinux_2_17_ppc64le.whl", hash = "sha256:111c59897a452196116db12e7f608da472fbff000693a21040e35fc978b23430", size = 5487096 },
    { url = "https://files.pythonhosted.org/packages/0b/b6/0e0dd6a2f802864a4ae3dbadf4ec620f05e3904c7842b326aafc43e5f464/psycopg_binary-3.3.3-cp314-cp314-manylinux2014_x86_64.manylinux_2_17_x86_64.whl", hash = "sha256:17bb6600e2455993946385249a3c3d0af52cd70c1c1cdbf712e9d696d0b0bf1b", size = 5168720 },
    { url = "https://files.pythonhosted.org/packages/6f/0d/977af38ac19a6b55d22dff508bd743fd7c1901e1b73657e7937c7cccb0a3/psycopg_binary-3.3.3-cp314-cp314-manylinux_2_27_aarch64.manylinux_2_28_aarch64.whl", hash = "sha256:642050398583d61c9856210568eb09a8e4f2fe8224bf3be21b67a370e677eead", size = 6762076 },
    { url = "https://files.pythonhosted.org/packages/34/40/912a39d48322cf86895c0eaf2d5b95cb899402443faefd4b09abbba6b6e1/psycopg_binary-3.3.3-cp314-cp314-manylinux_2_38_riscv64.manylinux_2_39_riscv64.whl", hash = "sha256:533efe6dc3a7cba5e2a84e38970786bb966306863e45f3db152007e9f48638a6", size = 4997623 },
    { url = "https://files.pythonhosted.org/packages/98/0c/c14d0e259c65dc7be854d926993f151077887391d5a081118907a9d89603/psycopg_binary-3.3.3-cp314-cp314-musllinux_1_2_aarch64.whl", hash = "sha256:5958dbf28b77ce2033482f6cb9ef04d43f5d8f4b7636e6963d5626f000efb23e", size = 4532096 },
    { url = "https://files.pythonhosted.org/packages/39/21/8b7c50a194cfca6ea0fd4d1f276158307785775426e90700ab2eba5cd623/psycopg_binary-3.3.3-cp314-cp314-musllinux_1_2_ppc64le.whl", hash = "sha256:a6af77b6626ce92b5817bf294b4d45ec1a6161dba80fc2d82cdffdd6814fd023", size = 4208884 },
    { url = "https://files.pythonhosted.org/packages/c7/2c/a4981bf42cf30ebba0424971d7ce70a222ae9b82594c42fc3f2105d7b525/psycopg_binary-3.3.3-cp314-cp314-musllinux_1_2_riscv64.whl", hash = "sha256:47f06fcbe8542b4d96d7392c476a74ada521c5aebdb41c3c0155f6595fc14c8d", size = 3944542 },
    { url = "https://files.pythonhosted.org/packages/60/e9/b7c29b56aa0b85a4e0c4d89db691c1ceef08f46a356369144430c155a2f5/psycopg_binary-3.3.3-cp314-cp314-musllinux_1_2_x86_64.whl", hash = "sha256:e7800e6c6b5dc4b0ca7cc7370f770f53ac83886b76afda0848065a674231e856", size = 4254339 },
    { url = "https://files.pythonhosted.org/packages/98/5a/291d89f44d3820fffb7a04ebc8f3ef5dda4f542f44a5daea0c55a84abf45/psycopg_binary-3.3.3-cp314-cp314-win_amd64.whl", hash = "sha256:165f22ab5a9513a3d7425ffb7fcc7955ed8ccaeef6d37e369d6cc1dff1582383", size = 3652796 },
]

[[package]]
name = "pygments"
version = "2.19.2"
source = { registry = "https://pypi.org/simple" }
sdist = { url = "https://files.pythonhosted.org/packages/b0/77/a5b8c569bf593b0140bde72ea885a803b82086995367bf2037de0159d924/pygments-2.19.2.tar.gz", hash = "sha256:636cb2477cec7f8952536970bc533bc43743542f70392ae026374600add5b887", size = 4968631 }
wheels = [
    { url = "https://files.pythonhosted.org/packages/c7/21/705964c7812476f378728bdf590ca4b771ec72385c533964653c68e86bdc/pygments-2.19.2-py3-none-any.whl", hash = "sha256:86540386c03d588bb81d44bc3928634ff26449851e99741617ecb9037ee5ec0b", size = 1225217 },
]

[[package]]
name = "pyjwt"
version = "2.11.0"
source = { registry = "https://pypi.org/simple" }
sdist = { url = "https://files.pythonhosted.org/packages/5c/5a/b46fa56bf322901eee5b0454a34343cdbdae202cd421775a8ee4e42fd519/pyjwt-2.11.0.tar.gz", hash = "sha256:35f95c1f0fbe5d5ba6e43f00271c275f7a1a4db1dab27bf708073b75318ea623", size = 98019 }
wheels = [
    { url = "https://files.pythonhosted.org/packages/6f/01/c26ce75ba460d5cd503da9e13b21a33804d38c2165dec7b716d06b13010c/pyjwt-2.11.0-py3-none-any.whl", hash = "sha256:94a6bde30eb5c8e04fee991062b534071fd1439ef58d2adc9ccb823e7bcd0469", size = 28224 },
]

[[package]]
name = "pymongo"
version = "4.16.0"
source = { registry = "https://pypi.org/simple" }
dependencies = [
    { name = "dnspython" },
]
sdist = { url = "https://files.pythonhosted.org/packages/65/9c/a4895c4b785fc9865a84a56e14b5bd21ca75aadc3dab79c14187cdca189b/pymongo-4.16.0.tar.gz", hash = "sha256:8ba8405065f6e258a6f872fe62d797a28f383a12178c7153c01ed04e845c600c", size = 2495323 }
wheels = [
    { url = "https://files.pythonhosted.org/packages/6a/03/6dd7c53cbde98de469a3e6fb893af896dca644c476beb0f0c6342bcc368b/pymongo-4.16.0-cp312-cp312-macosx_10_13_x86_64.whl", hash = "sha256:bd4911c40a43a821dfd93038ac824b756b6e703e26e951718522d29f6eb166a8", size = 917619 },
    { url = "https://files.pythonhosted.org/packages/73/e1/328915f2734ea1f355dc9b0e98505ff670f5fab8be5e951d6ed70971c6aa/pymongo-4.16.0-cp312-cp312-macosx_11_0_arm64.whl", hash = "sha256:25a6b03a68f9907ea6ec8bc7cf4c58a1b51a18e23394f962a6402f8e46d41211", size = 917364 },
    { url = "https://files.pythonhosted.org/packages/41/fe/4769874dd9812a1bc2880a9785e61eba5340da966af888dd430392790ae0/pymongo-4.16.0-cp312-cp312-manylinux1_i686.manylinux_2_28_i686.manylinux_2_5_i686.whl", hash = "sha256:91ac0cb0fe2bf17616c2039dac88d7c9a5088f5cb5829b27c9d250e053664d31", size = 1686901 },
    { url = "https://files.pythonhosted.org/packages/fa/8d/15707b9669fdc517bbc552ac60da7124dafe7ac1552819b51e97ed4038b4/pymongo-4.16.0-cp312-cp312-manylinux2014_aarch64.manylinux_2_17_aarch64.manylinux_2_28_aarch64.whl", hash = "sha256:cf0ec79e8ca7077f455d14d915d629385153b6a11abc0b93283ed73a8013e376", size = 1723034 },
    { url = "https://files.pythonhosted.org/packages/5b/af/3d5d16ff11d447d40c1472da1b366a31c7380d7ea2922a449c7f7f495567/pymongo-4.16.0-cp312-cp312-manylinux2014_ppc64le.manylinux_2_17_ppc64le.manylinux_2_28_ppc64le.whl", hash = "sha256:2d0082631a7510318befc2b4fdab140481eb4b9dd62d9245e042157085da2a70", size = 1797161 },
    { url = "https://files.pythonhosted.org/packages/fb/04/725ab8664eeec73ec125b5a873448d80f5d8cf2750aaaf804cbc538a50a5/pymongo-4.16.0-cp312-cp312-manylinux2014_s390x.manylinux_2_17_s390x.manylinux_2_28_s390x.whl", hash = "sha256:85dc2f3444c346ea019a371e321ac868a4fab513b7a55fe368f0cc78de8177cc", size = 1780938 },
    { url = "https://files.pythonhosted.org/packages/22/50/dd7e9095e1ca35f93c3c844c92eb6eb0bc491caeb2c9bff3b32fe3c9b18f/pymongo-4.16.0-cp312-cp312-manylinux2014_x86_64.manylinux_2_17_x86_64.manylinux_2_28_x86_64.whl", hash = "sha256:dabbf3c14de75a20cc3c30bf0c6527157224a93dfb605838eabb1a2ee3be008d", size = 1714342 },
    { url = "https://files.pythonhosted.org/packages/03/c9/542776987d5c31ae8e93e92680ea2b6e5a2295f398b25756234cabf38a39/pymongo-4.16.0-cp312-cp312-win32.whl", hash = "sha256:60307bb91e0ab44e560fe3a211087748b2b5f3e31f403baf41f5b7b0a70bd104", size = 887868 },
    { url = "https://files.pythonhosted.org/packages/2e/d4/b4045a7ccc5680fb496d01edf749c7a9367cc8762fbdf7516cf807ef679b/pymongo-4.16.0-cp312-cp312-win_amd64.whl", hash = "sha256:f513b2c6c0d5c491f478422f6b5b5c27ac1af06a54c93ef8631806f7231bd92e", size = 907554 },
    { url = "https://files.pythonhosted.org/packages/60/4c/33f75713d50d5247f2258405142c0318ff32c6f8976171c4fcae87a9dbdf/pymongo-4.16.0-cp312-cp312-win_arm64.whl", hash = "sha256:dfc320f08ea9a7ec5b2403dc4e8150636f0d6150f4b9792faaae539c88e7db3b", size = 892971 },
    { url = "https://files.pythonhosted.org/packages/47/84/148d8b5da8260f4679d6665196ae04ab14ffdf06f5fe670b0ab11942951f/pymongo-4.16.0-cp313-cp313-macosx_10_13_x86_64.whl", hash = "sha256:d15f060bc6d0964a8bb70aba8f0cb6d11ae99715438f640cff11bbcf172eb0e8", size = 972009 },
    { url = "https://files.pythonhosted.org/packages/1e/5e/9f3a8daf583d0adaaa033a3e3e58194d2282737dc164014ff33c7a081103/pymongo-4.16.0-cp313-cp313-macosx_11_0_arm64.whl", hash = "sha256:4a19ea46a0fe71248965305a020bc076a163311aefbaa1d83e47d06fa30ac747", size = 971784 },
    { url = "https://files.pythonhosted.org/packages/ad/f2/b6c24361fcde24946198573c0176406bfd5f7b8538335f3d939487055322/pymongo-4.16.0-cp313-cp313-manylinux1_i686.manylinux_2_28_i686.manylinux_2_5_i686.whl", hash = "sha256:311d4549d6bf1f8c61d025965aebb5ba29d1481dc6471693ab91610aaffbc0eb", size = 1947174 },
    { url = "https://files.pythonhosted.org/packages/47/1a/8634192f98cf740b3d174e1018dd0350018607d5bd8ac35a666dc49c732b/pymongo-4.16.0-cp313-cp313-manylinux2014_aarch64.manylinux_2_17_aarch64.manylinux_2_28_aarch64.whl", hash = "sha256:46ffb728d92dd5b09fc034ed91acf5595657c7ca17d4cf3751322cd554153c17", size = 1991727 },
    { url = "https://files.pythonhosted.org/packages/5a/2f/0c47ac84572b28e23028a23a3798a1f725e1c23b0cf1c1424678d16aff42/pymongo-4.16.0-cp313-cp313-manylinux2014_ppc64le.manylinux_2_17_ppc64le.manylinux_2_28_ppc64le.whl", hash = "sha256:acda193f440dd88c2023cb00aa8bd7b93a9df59978306d14d87a8b12fe426b05", size = 2082497 },
    { url = "https://files.pythonhosted.org/packages/ba/57/9f46ef9c862b2f0cf5ce798f3541c201c574128d31ded407ba4b3918d7b6/pymongo-4.16.0-cp313-cp313-manylinux2014_s390x.manylinux_2_17_s390x.manylinux_2_28_s390x.whl", hash = "sha256:5d9fdb386cf958e6ef6ff537d6149be7edb76c3268cd6833e6c36aa447e4443f", size = 2064947 },
    { url = "https://files.pythonhosted.org/packages/b8/56/5421c0998f38e32288100a07f6cb2f5f9f352522157c901910cb2927e211/pymongo-4.16.0-cp313-cp313-manylinux2014_x86_64.manylinux_2_17_x86_64.manylinux_2_28_x86_64.whl", hash = "sha256:91899dd7fb9a8c50f09c3c1cf0cb73bfbe2737f511f641f19b9650deb61c00ca", size = 1980478 },
    { url = "https://files.pythonhosted.org/packages/92/93/bfc448d025e12313a937d6e1e0101b50cc9751636b4b170e600fe3203063/pymongo-4.16.0-cp313-cp313-win32.whl", hash = "sha256:2cd60cd1e05de7f01927f8e25ca26b3ea2c09de8723241e5d3bcfdc70eaff76b", size = 934672 },
    { url = "https://files.pythonhosted.org/packages/96/10/12710a5e01218d50c3dd165fd72c5ed2699285f77348a3b1a119a191d826/pymongo-4.16.0-cp313-cp313-win_amd64.whl", hash = "sha256:3ead8a0050c53eaa55935895d6919d393d0328ec24b2b9115bdbe881aa222673", size = 959237 },
    { url = "https://files.pythonhosted.org/packages/0c/56/d288bcd1d05bc17ec69df1d0b1d67bc710c7c5dbef86033a5a4d2e2b08e6/pymongo-4.16.0-cp313-cp313-win_arm64.whl", hash = "sha256:dbbc5b254c36c37d10abb50e899bc3939bbb7ab1e7c659614409af99bd3e7675", size = 940909 },
    { url = "https://files.pythonhosted.org/packages/30/9e/4d343f8d0512002fce17915a89477b9f916bda1205729e042d8f23acf194/pymongo-4.16.0-cp314-cp314-macosx_10_15_x86_64.whl", hash = "sha256:8a254d49a9ffe9d7f888e3c677eed3729b14ce85abb08cd74732cead6ccc3c66", size = 1026634 },
    { url = "https://files.pythonhosted.org/packages/c3/e3/341f88c5535df40c0450fda915f582757bb7d988cdfc92990a5e27c4c324/pymongo-4.16.0-cp314-cp314-macosx_11_0_arm64.whl", hash = "sha256:a1bf44e13cf2d44d2ea2e928a8140d5d667304abe1a61c4d55b4906f389fbe64", size = 1026252 },
    { url = "https://files.pythonhosted.org/packages/af/64/9471b22eb98f0a2ca0b8e09393de048502111b2b5b14ab1bd9e39708aab5/pymongo-4.16.0-cp314-cp314-manylinux1_i686.manylinux_2_28_i686.manylinux_2_5_i686.whl", hash = "sha256:f1c5f1f818b669875d191323a48912d3fcd2e4906410e8297bb09ac50c4d5ccc", size = 2207399 },
    { url = "https://files.pythonhosted.org/packages/87/ac/47c4d50b25a02f21764f140295a2efaa583ee7f17992a5e5fa542b3a690f/pymongo-4.16.0-cp314-cp314-manylinux2014_aarch64.manylinux_2_17_aarch64.manylinux_2_28_aarch64.whl", hash = "sha256:77cfd37a43a53b02b7bd930457c7994c924ad8bbe8dff91817904bcbf291b371", size = 2260595 },
    { url = "https://files.pythonhosted.org/packages/ee/1b/0ce1ce9dd036417646b2fe6f63b58127acff3cf96eeb630c34ec9cd675ff/pymongo-4.16.0-cp314-cp314-manylinux2014_ppc64le.manylinux_2_17_ppc64le.manylinux_2_28_ppc64le.whl", hash = "sha256:36ef2fee50eee669587d742fb456e349634b4fcf8926208766078b089054b24b", size = 2366958 },
    { url = "https://files.pythonhosted.org/packages/3e/3c/a5a17c0d413aa9d6c17bc35c2b472e9e79cda8068ba8e93433b5f43028e9/pymongo-4.16.0-cp314-cp314-manylinux2014_s390x.manylinux_2_17_s390x.manylinux_2_28_s390x.whl", hash = "sha256:55f8d5a6fe2fa0b823674db2293f92d74cd5f970bc0360f409a1fc21003862d3", size = 2346081 },
    { url = "https://files.pythonhosted.org/packages/65/19/f815533d1a88fb8a3b6c6e895bb085ffdae68ccb1e6ed7102202a307f8e2/pymongo-4.16.0-cp314-cp314-manylinux2014_x86_64.manylinux_2_17_x86_64.manylinux_2_28_x86_64.whl", hash = "sha256:9caacac0dd105e2555521002e2d17afc08665187017b466b5753e84c016628e6", size = 2246053 },
    { url = "https://files.pythonhosted.org/packages/c6/88/4be3ec78828dc64b212c123114bd6ae8db5b7676085a7b43cc75d0131bd2/pymongo-4.16.0-cp314-cp314-win32.whl", hash = "sha256:c789236366525c3ee3cd6e4e450a9ff629a7d1f4d88b8e18a0aea0615fd7ecf8", size = 989461 },
    { url = "https://files.pythonhosted.org/packages/af/5a/ab8d5af76421b34db483c9c8ebc3a2199fb80ae63dc7e18f4cf1df46306a/pymongo-4.16.0-cp314-cp314-win_amd64.whl", hash = "sha256:2b0714d7764efb29bf9d3c51c964aed7c4c7237b341f9346f15ceaf8321fdb35", size = 1017803 },
    { url = "https://files.pythonhosted.org/packages/f6/f4/98d68020728ac6423cf02d17cfd8226bf6cce5690b163d30d3f705e8297e/pymongo-4.16.0-cp314-cp314-win_arm64.whl", hash = "sha256:12762e7cc0f8374a8cae3b9f9ed8dabb5d438c7b33329232dd9b7de783454033", size = 997184 },
    { url = "https://files.pythonhosted.org/packages/50/00/dc3a271daf06401825b9c1f4f76f018182c7738281ea54b9762aea0560c1/pymongo-4.16.0-cp314-cp314t-macosx_10_15_x86_64.whl", hash = "sha256:1c01e8a7cd0ea66baf64a118005535ab5bf9f9eb63a1b50ac3935dccf9a54abe", size = 1083303 },
    { url = "https://files.pythonhosted.org/packages/b8/4b/b5375ee21d12eababe46215011ebc63801c0d2c5ffdf203849d0d79f9852/pymongo-4.16.0-cp314-cp314t-macosx_11_0_arm64.whl", hash = "sha256:4c4872299ebe315a79f7f922051061634a64fda95b6b17677ba57ef00b2ba2a4", size = 1083233 },
    { url = "https://files.pythonhosted.org/packages/ee/e3/52efa3ca900622c7dcb56c5e70f15c906816d98905c22d2ee1f84d9a7b60/pymongo-4.16.0-cp314-cp314t-manylinux1_i686.manylinux_2_28_i686.manylinux_2_5_i686.whl", hash = "sha256:78037d02389745e247fe5ab0bcad5d1ab30726eaac3ad79219c7d6bbb07eec53", size = 2527438 },
    { url = "https://files.pythonhosted.org/packages/cb/96/43b1be151c734e7766c725444bcbfa1de6b60cc66bfb406203746839dd25/pymongo-4.16.0-cp314-cp314t-manylinux2014_aarch64.manylinux_2_17_aarch64.manylinux_2_28_aarch64.whl", hash = "sha256:c126fb72be2518395cc0465d4bae03125119136462e1945aea19840e45d89cfc", size = 2600399 },
    { url = "https://files.pythonhosted.org/packages/e7/62/fa64a5045dfe3a1cd9217232c848256e7bc0136cffb7da4735c5e0d30e40/pymongo-4.16.0-cp314-cp314t-manylinux2014_ppc64le.manylinux_2_17_ppc64le.manylinux_2_28_ppc64le.whl", hash = "sha256:f3867dc225d9423c245a51eaac2cfcd53dde8e0a8d8090bb6aed6e31bd6c2d4f", size = 2720960 },
    { url = "https://files.pythonhosted.org/packages/54/7b/01577eb97e605502821273a5bc16ce0fb0be5c978fe03acdbff471471202/pymongo-4.16.0-cp314-cp314t-manylinux2014_s390x.manylinux_2_17_s390x.manylinux_2_28_s390x.whl", hash = "sha256:f25001a955073b80510c0c3db0e043dbbc36904fd69e511c74e3d8640b8a5111", size = 2699344 },
    { url = "https://files.pythonhosted.org/packages/55/68/6ef6372d516f703479c3b6cbbc45a5afd307173b1cbaccd724e23919bb1a/pymongo-4.16.0-cp314-cp314t-manylinux2014_x86_64.manylinux_2_17_x86_64.manylinux_2_28_x86_64.whl", hash = "sha256:9d9885aad05f82fd7ea0c9ca505d60939746b39263fa273d0125170da8f59098", size = 2577133 },
    { url = "https://files.pythonhosted.org/packages/15/c7/b5337093bb01da852f945802328665f85f8109dbe91d81ea2afe5ff059b9/pymongo-4.16.0-cp314-cp314t-win32.whl", hash = "sha256:948152b30eddeae8355495f9943a3bf66b708295c0b9b6f467de1c620f215487", size = 1040560 },
    { url = "https://files.pythonhosted.org/packages/96/8c/5b448cd1b103f3889d5713dda37304c81020ff88e38a826e8a75ddff4610/pymongo-4.16.0-cp314-cp314t-win_amd64.whl", hash = "sha256:f6e42c1bc985d9beee884780ae6048790eb4cd565c46251932906bdb1630034a", size = 1075081 },
    { url = "https://files.pythonhosted.org/packages/32/cd/ddc794cdc8500f6f28c119c624252fb6dfb19481c6d7ed150f13cf468a6d/pymongo-4.16.0-cp314-cp314t-win_arm64.whl", hash = "sha256:6b2a20edb5452ac8daa395890eeb076c570790dfce6b7a44d788af74c2f8cf96", size = 1047725 },
]

[[package]]
name = "pyright"
version = "1.1.408"
source = { registry = "https://pypi.org/simple" }
dependencies = [
    { name = "nodeenv" },
    { name = "typing-extensions" },
]
sdist = { url = "https://files.pythonhosted.org/packages/74/b2/5db700e52554b8f025faa9c3c624c59f1f6c8841ba81ab97641b54322f16/pyright-1.1.408.tar.gz", hash = "sha256:f28f2321f96852fa50b5829ea492f6adb0e6954568d1caa3f3af3a5f555eb684", size = 4400578 }
wheels = [
    { url = "https://files.pythonhosted.org/packages/0c/82/a2c93e32800940d9573fb28c346772a14778b84ba7524e691b324620ab89/pyright-1.1.408-py3-none-any.whl", hash = "sha256:090b32865f4fdb1e0e6cd82bf5618480d48eecd2eb2e70f960982a3d9a4c17c1", size = 6399144 },
]

[[package]]
name = "pytest"
version = "9.0.2"
source = { registry = "https://pypi.org/simple" }
dependencies = [
    { name = "colorama", marker = "sys_platform == 'win32'" },
    { name = "iniconfig" },
    { name = "packaging" },
    { name = "pluggy" },
    { name = "pygments" },
]
sdist = { url = "https://files.pythonhosted.org/packages/d1/db/7ef3487e0fb0049ddb5ce41d3a49c235bf9ad299b6a25d5780a89f19230f/pytest-9.0.2.tar.gz", hash = "sha256:75186651a92bd89611d1d9fc20f0b4345fd827c41ccd5c299a868a05d70edf11", size = 1568901 }
wheels = [
    { url = "https://files.pythonhosted.org/packages/3b/ab/b3226f0bd7cdcf710fbede2b3548584366da3b19b5021e74f5bde2a8fa3f/pytest-9.0.2-py3-none-any.whl", hash = "sha256:711ffd45bf766d5264d487b917733b453d917afd2b0ad65223959f59089f875b", size = 374801 },
]

[[package]]
name = "pytest-django"
version = "4.12.0"
source = { registry = "https://pypi.org/simple" }
dependencies = [
    { name = "pytest" },
]
sdist = { url = "https://files.pythonhosted.org/packages/13/2b/db9a193df89e5660137f5428063bcc2ced7ad790003b26974adf5c5ceb3b/pytest_django-4.12.0.tar.gz", hash = "sha256:df94ec819a83c8979c8f6de13d9cdfbe76e8c21d39473cfe2b40c9fc9be3c758", size = 91156 }
wheels = [
    { url = "https://files.pythonhosted.org/packages/83/a5/41d091f697c09609e7ef1d5d61925494e0454ebf51de7de05f0f0a728f1d/pytest_django-4.12.0-py3-none-any.whl", hash = "sha256:3ff300c49f8350ba2953b90297d23bf5f589db69545f56f1ec5f8cff5da83e85", size = 26123 },
]

[[package]]
name = "ruff"
version = "0.15.2"
source = { registry = "https://pypi.org/simple" }
sdist = { url = "https://files.pythonhosted.org/packages/06/04/eab13a954e763b0606f460443fcbf6bb5a0faf06890ea3754ff16523dce5/ruff-0.15.2.tar.gz", hash = "sha256:14b965afee0969e68bb871eba625343b8673375f457af4abe98553e8bbb98342", size = 4558148 }
wheels = [
    { url = "https://files.pythonhosted.org/packages/2f/70/3a4dc6d09b13cb3e695f28307e5d889b2e1a66b7af9c5e257e796695b0e6/ruff-0.15.2-py3-none-linux_armv6l.whl", hash = "sha256:120691a6fdae2f16d65435648160f5b81a9625288f75544dc40637436b5d3c0d", size = 10430565 },
    { url = "https://files.pythonhosted.org/packages/71/0b/bb8457b56185ece1305c666dc895832946d24055be90692381c31d57466d/ruff-0.15.2-py3-none-macosx_10_12_x86_64.whl", hash = "sha256:a89056d831256099658b6bba4037ac6dd06f49d194199215befe2bb10457ea5e", size = 10820354 },
    { url = "https://files.pythonhosted.org/packages/2d/c1/e0532d7f9c9e0b14c46f61b14afd563298b8b83f337b6789ddd987e46121/ruff-0.15.2-py3-none-macosx_11_0_arm64.whl", hash = "sha256:e36dee3a64be0ebd23c86ffa3aa3fd3ac9a712ff295e192243f814a830b6bd87", size = 10170767 },
    { url = "https://files.pythonhosted.org/packages/47/e8/da1aa341d3af017a21c7a62fb5ec31d4e7ad0a93ab80e3a508316efbcb23/ruff-0.15.2-py3-none-manylinux_2_17_aarch64.manylinux2014_aarch64.whl", hash = "sha256:a9fb47b6d9764677f8c0a193c0943ce9a05d6763523f132325af8a858eadc2b9", size = 10529591 },
    { url = "https://files.pythonhosted.org/packages/93/74/184fbf38e9f3510231fbc5e437e808f0b48c42d1df9434b208821efcd8d6/ruff-0.15.2-py3-none-manylinux_2_17_armv7l.manylinux2014_armv7l.whl", hash = "sha256:f376990f9d0d6442ea9014b19621d8f2aaf2b8e39fdbfc79220b7f0c596c9b80", size = 10260771 },
    { url = "https://files.pythonhosted.org/packages/05/ac/605c20b8e059a0bc4b42360414baa4892ff278cec1c91fff4be0dceedefd/ruff-0.15.2-py3-none-manylinux_2_17_i686.manylinux2014_i686.whl", hash = "sha256:2dcc987551952d73cbf5c88d9fdee815618d497e4df86cd4c4824cc59d5dd75f", size = 11045791 },
    { url = "https://files.pythonhosted.org/packages/fd/52/db6e419908f45a894924d410ac77d64bdd98ff86901d833364251bd08e22/ruff-0.15.2-py3-none-manylinux_2_17_ppc64le.manylinux2014_ppc64le.whl", hash = "sha256:42a47fd785cbe8c01b9ff45031af875d101b040ad8f4de7bbb716487c74c9a77", size = 11879271 },
    { url = "https://files.pythonhosted.org/packages/3e/d8/7992b18f2008bdc9231d0f10b16df7dda964dbf639e2b8b4c1b4e91b83af/ruff-0.15.2-py3-none-manylinux_2_17_s390x.manylinux2014_s390x.whl", hash = "sha256:cbe9f49354866e575b4c6943856989f966421870e85cd2ac94dccb0a9dcb2fea", size = 11303707 },
    { url = "https://files.pythonhosted.org/packages/d7/02/849b46184bcfdd4b64cde61752cc9a146c54759ed036edd11857e9b8443b/ruff-0.15.2-py3-none-manylinux_2_17_x86_64.manylinux2014_x86_64.whl", hash = "sha256:b7a672c82b5f9887576087d97be5ce439f04bbaf548ee987b92d3a7dede41d3a", size = 11149151 },
    { url = "https://files.pythonhosted.org/packages/70/04/f5284e388bab60d1d3b99614a5a9aeb03e0f333847e2429bebd2aaa1feec/ruff-0.15.2-py3-none-manylinux_2_31_riscv64.whl", hash = "sha256:72ecc64f46f7019e2bcc3cdc05d4a7da958b629a5ab7033195e11a438403d956", size = 11091132 },
    { url = "https://files.pythonhosted.org/packages/fa/ae/88d844a21110e14d92cf73d57363fab59b727ebeabe78009b9ccb23500af/ruff-0.15.2-py3-none-musllinux_1_2_aarch64.whl", hash = "sha256:8dcf243b15b561c655c1ef2f2b0050e5d50db37fe90115507f6ff37d865dc8b4", size = 10504717 },
    { url = "https://files.pythonhosted.org/packages/64/27/867076a6ada7f2b9c8292884ab44d08fd2ba71bd2b5364d4136f3cd537e1/ruff-0.15.2-py3-none-musllinux_1_2_armv7l.whl", hash = "sha256:dab6941c862c05739774677c6273166d2510d254dac0695c0e3f5efa1b5585de", size = 10263122 },
    { url = "https://files.pythonhosted.org/packages/e7/ef/faf9321d550f8ebf0c6373696e70d1758e20ccdc3951ad7af00c0956be7c/ruff-0.15.2-py3-none-musllinux_1_2_i686.whl", hash = "sha256:1b9164f57fc36058e9a6806eb92af185b0697c9fe4c7c52caa431c6554521e5c", size = 10735295 },
    { url = "https://files.pythonhosted.org/packages/2f/55/e8089fec62e050ba84d71b70e7834b97709ca9b7aba10c1a0b196e493f97/ruff-0.15.2-py3-none-musllinux_1_2_x86_64.whl", hash = "sha256:80d24fcae24d42659db7e335b9e1531697a7102c19185b8dc4a028b952865fd8", size = 11241641 },
    { url = "https://files.pythonhosted.org/packages/23/01/1c30526460f4d23222d0fabd5888868262fd0e2b71a00570ca26483cd993/ruff-0.15.2-py3-none-win32.whl", hash = "sha256:fd5ff9e5f519a7e1bd99cbe8daa324010a74f5e2ebc97c6242c08f26f3714f6f", size = 10507885 },
    { url = "https://files.pythonhosted.org/packages/5c/10/3d18e3bbdf8fc50bbb4ac3cc45970aa5a9753c5cb51bf9ed9a3cd8b79fa3/ruff-0.15.2-py3-none-win_amd64.whl", hash = "sha256:d20014e3dfa400f3ff84830dfb5755ece2de45ab62ecea4af6b7262d0fb4f7c5", size = 11623725 },
    { url = "https://files.pythonhosted.org/packages/6d/78/097c0798b1dab9f8affe73da9642bb4500e098cb27fd8dc9724816ac747b/ruff-0.15.2-py3-none-win_arm64.whl", hash = "sha256:cabddc5822acdc8f7b5527b36ceac55cc51eec7b1946e60181de8fe83ca8876e", size = 10941649 },
]

[[package]]
name = "sqlparse"
version = "0.5.5"
source = { registry = "https://pypi.org/simple" }
sdist = { url = "https://files.pythonhosted.org/packages/90/76/437d71068094df0726366574cf3432a4ed754217b436eb7429415cf2d480/sqlparse-0.5.5.tar.gz", hash = "sha256:e20d4a9b0b8585fdf63b10d30066c7c94c5d7a7ec47c889a2d83a3caa93ff28e", size = 120815 }
wheels = [
    { url = "https://files.pythonhosted.org/packages/49/4b/359f28a903c13438ef59ebeee215fb25da53066db67b305c125f1c6d2a25/sqlparse-0.5.5-py3-none-any.whl", hash = "sha256:12a08b3bf3eec877c519589833aed092e2444e68240a3577e8e26148acc7b1ba", size = 46138 },
]

[[package]]
name = "structlog"
version = "25.5.0"
source = { registry = "https://pypi.org/simple" }
sdist = { url = "https://files.pythonhosted.org/packages/ef/52/9ba0f43b686e7f3ddfeaa78ac3af750292662284b3661e91ad5494f21dbc/structlog-25.5.0.tar.gz", hash = "sha256:098522a3bebed9153d4570c6d0288abf80a031dfdb2048d59a49e9dc2190fc98", size = 1460830 }
wheels = [
    { url = "https://files.pythonhosted.org/packages/a8/45/a132b9074aa18e799b891b91ad72133c98d8042c70f6240e4c5f9dabee2f/structlog-25.5.0-py3-none-any.whl", hash = "sha256:a8453e9b9e636ec59bd9e79bbd4a72f025981b3ba0f5837aebf48f02f37a7f9f", size = 72510 },
]

[[package]]
name = "types-psycopg2"
version = "2.9.21.20260223"
source = { registry = "https://pypi.org/simple" }
sdist = { url = "https://files.pythonhosted.org/packages/55/1f/4daff0ce5e8e191844e65aaa793ed1b9cb40027dc2700906ecf2b6bcc0ed/types_psycopg2-2.9.21.20260223.tar.gz", hash = "sha256:78ed70de2e56bc6b5c26c8c1da8e9af54e49fdc3c94d1504609f3519e2b84f02", size = 27090 }
wheels = [
    { url = "https://files.pythonhosted.org/packages/8d/e7/c566df58410bc0728348b514e718f0b38fa0d248b5c10599a11494ba25d2/types_psycopg2-2.9.21.20260223-py3-none-any.whl", hash = "sha256:c6228ade72d813b0624f4c03feeb89471950ac27cd0506b5debed6f053086bc8", size = 24919 },
]

[[package]]
name = "typing-extensions"
version = "4.15.0"
source = { registry = "https://pypi.org/simple" }
sdist = { url = "https://files.pythonhosted.org/packages/72/94/1a15dd82efb362ac84269196e94cf00f187f7ed21c242792a923cdb1c61f/typing_extensions-4.15.0.tar.gz", hash = "sha256:0cea48d173cc12fa28ecabc3b837ea3cf6f38c6d1136f85cbaaf598984861466", size = 109391 }
wheels = [
    { url = "https://files.pythonhosted.org/packages/18/67/36e9267722cc04a6b9f15c7f3441c2363321a3ea07da7ae0c0707beb2a9c/typing_extensions-4.15.0-py3-none-any.whl", hash = "sha256:f0fa19c6845758ab08074a0cfa8b7aecb71c999ca73d62883bc25cc018c4e548", size = 44614 },
]

[[package]]
name = "tzdata"
version = "2025.3"
source = { registry = "https://pypi.org/simple" }
sdist = { url = "https://files.pythonhosted.org/packages/5e/a7/c202b344c5ca7daf398f3b8a477eeb205cf3b6f32e7ec3a6bac0629ca975/tzdata-2025.3.tar.gz", hash = "sha256:de39c2ca5dc7b0344f2eba86f49d614019d29f060fc4ebc8a417896a620b56a7", size = 196772 }
wheels = [
    { url = "https://files.pythonhosted.org/packages/c7/b0/003792df09decd6849a5e39c28b513c06e84436a54440380862b5aeff25d/tzdata-2025.3-py2.py3-none-any.whl", hash = "sha256:06a47e5700f3081aab02b2e513160914ff0694bce9947d6b76ebd6bf57cfc5d1", size = 348521 },
]
